<?xml version="1.0" encoding="utf-8"?>
<Project ToolsVersion="4.0" xmlns="http://schemas.microsoft.com/developer/msbuild/2003">
  <ItemGroup>
    <ClCompile Include="graphicsProject\Application_Manager\ApplicationManager.cpp" />
    <ClCompile Include="graphicsProject\Collision\Bounding_Box.cpp" />
    <ClCompile Include="graphicsProject\Collision\Collision_Manager.cpp" />
    <ClCompile Include="graphicsProject\EulerCamera\EulerCamera.cpp" />
    <ClCompile Include="graphicsProject\game.cpp" />
    <ClCompile Include="graphicsProject\InputHandler\inputhandler.cpp" />
    <ClCompile Include="graphicsProject\Level1.cpp" />
    <ClCompile Include="graphicsProject\Level2.cpp" />
    <ClCompile Include="graphicsProject\main.cpp" />
    <ClCompile Include="graphicsProject\Model\Model.cpp" />
    <ClCompile Include="graphicsProject\Model\square.cpp" />
    <ClCompile Include="graphicsProject\objloader.cpp" />
    <ClCompile Include="graphicsProject\Renderer\Renderer.cpp" />
    <ClCompile Include="graphicsProject\ShaderProgram\ShaderProgram.cpp" />
    <ClCompile Include="graphicsProject\Shaders\shader.cpp" />
    <ClCompile Include="graphicsProject\Texture\texture.cpp" />
    <ClCompile Include="graphicsProject\Texture\Texture_Loader\stb_image.c" />
    <ClCompile Include="graphicsProject\Model\Collidable_Model.cpp" />
    <ClCompile Include="graphicsProject\Collision\Collidable.cpp" />
    <ClCompile Include="graphicsProject\bullet.cpp" />
  </ItemGroup>
  <ItemGroup>
    <ClInclude Include="graphicsProject\actions.h" />
    <ClInclude Include="graphicsProject\Application_Manager\ApplicationManager.h" />
    <ClInclude Include="graphicsProject\EulerCamera\EulerCamera.h" />
    <ClInclude Include="graphicsProject\game.h" />
    <ClInclude Include="graphicsProject\InputHandler\inputhandler.h" />
    <ClInclude Include="graphicsProject\Level1.h" />
    <ClInclude Include="graphicsProject\Level2.h" />
    <ClInclude Include="graphicsProject\Model\Model.h" />
    <ClInclude Include="graphicsProject\Model\square.h" />
    <ClInclude Include="graphicsProject\objloader.hpp" />
    <ClInclude Include="graphicsProject\Renderer\Renderer.h" />
    <ClInclude Include="graphicsProject\ShaderProgram\ShaderProgram.h" />
    <ClInclude Include="graphicsProject\Shaders\shader.hpp" />
    <ClInclude Include="graphicsProject\Texture\texture.h" />
    <ClInclude Include="graphicsProject\Texture\Texture_Loader\stb_image.h" />
    <ClInclude Include="graphicsProject\Model\Collidable_Model.h" />
    <ClInclude Include="graphicsProject\Collision\Collidable.h" />
    <ClInclude Include="graphicsProject\bullet.h" />
  </ItemGroup>
  <ItemGroup>
    <Image Include="graphicsProject\bricks.jpg" />
    <Image Include="graphicsProject\uvtemplate.bmp" />
  </ItemGroup>
  <ItemGroup>
    <None Include="graphicsProject\graphicsProject.pro" />
    <None Include="MultiColor.fragmentshader" />
    <None Include="SimpleTransformWithColor.vertexshader" />
  </ItemGroup>
</Project>